<?xml version="1.0" encoding="utf-8"?>
<Project ToolsVersion="4.0" xmlns="http://schemas.microsoft.com/developer/msbuild/2003">
  <ItemGroup>
    <Filter Include="Header Files">
      <UniqueIdentifier>{93995380-89BD-4b04-88EB-625FBE52EBFB}</UniqueIdentifier>
      <Extensions>h;hpp;hxx;hm;inl;inc;xsd</Extensions>
    </Filter>
    <Filter Include="Resource Files">
      <UniqueIdentifier>{67DA6AB6-F800-4c08-8B7A-83BB121AAD01}</UniqueIdentifier>
      <Extensions>rc;ico;cur;bmp;dlg;rc2;rct;bin;rgs;gif;jpg;jpeg;jpe;resx;tiff;tif;png;wav;mfcribbon-ms</Extensions>
    </Filter>
    <Filter Include="FreeRTOS">
      <UniqueIdentifier>{4FC737F1-C7A5-4376-A066-2A32D752A2FF}</UniqueIdentifier>
      <Extensions>cpp;c;cc;cxx;def;odl;idl;hpj;bat;asm;asmx</Extensions>
    </Filter>
    <Filter Include="FreeRTOS\port">
      <UniqueIdentifier>{cadd026e-c499-46db-9cda-b548c62c1186}</UniqueIdentifier>
    </Filter>
  </ItemGroup>
  <ItemGroup>
    <ClCompile Include="FreeRTOS\croutine.c">
      <Filter>FreeRTOS</Filter>
    </ClCompile>
    <ClCompile Include="FreeRTOS\event_groups.c">
      <Filter>FreeRTOS</Filter>
    </ClCompile>
    <ClCompile Include="FreeRTOS\list.c">
      <Filter>FreeRTOS</Filter>
    </ClCompile>
    <ClCompile Include="FreeRTOS\queue.c">
      <Filter>FreeRTOS</Filter>
    </ClCompile>
    <ClCompile Include="FreeRTOS\stream_buffer.c">
      <Filter>FreeRTOS</Filter>
    </ClCompile>
    <ClCompile Include="FreeRTOS\tasks.c">
      <Filter>FreeRTOS</Filter>
    </ClCompile>
    <ClCompile Include="FreeRTOS\timers.c">
      <Filter>FreeRTOS</Filter>
    </ClCompile>
    <ClCompile Include="FreeRTOS\portable\MSVC-MingW\port.c">
      <Filter>FreeRTOS\port</Filter>
    </ClCompile>
    <ClCompile Include="APP\main.c" />
    <ClCompile Include="APP\cli\app_cli.c">
      <Filter>Resource Files</Filter>
    </ClCompile>
    <ClCompile Include="APP\cli\hal_cli.c">
      <Filter>Resource Files</Filter>
    </ClCompile>
    <ClCompile Include="APP\cli\mid_cli.c">
      <Filter>Resource Files</Filter>
    </ClCompile>
    <ClCompile Include="FreeRTOS\portable\MemMang\heap_5.c">
      <Filter>FreeRTOS\port</Filter>
    </ClCompile>
    <ClCompile Include="APP\Run-time-stats-utils.c">
      <Filter>Resource Files</Filter>
    </ClCompile>
  </ItemGroup>
  <ItemGroup>
    <None Include="FreeRTOS\readme.txt">
      <Filter>FreeRTOS</Filter>
    </None>
  </ItemGroup>
</Project>